
Microsoft Visual Studio Solution File, Format Version 12.00
# Visual Studio 15
VisualStudioVersion = 15.0.27428.2037
MinimumVisualStudioVersion = 10.0.40219.1
Project("{FAE04EC0-301F-11D3-BF4B-00C04F79EFBC}") = "PI", "PI\PI.csproj", "{2D64326B-13D3-4B86-AF37-A696F4FDBD2A}"
EndProject
Project("{FAE04EC0-301F-11D3-BF4B-00C04F79EFBC}") = "PI_Models", "PI_Models\PI_Models.csproj", "{4D97D631-3EA9-4B02-9FB0-2AFE0139C64B}"
EndProject
Project("{FAE04EC0-301F-11D3-BF4B-00C04F79EFBC}") = "PI_Service", "PI_Service\PI_Service.csproj", "{D393512D-6CD4-45FD-A427-7A6A0B922D22}"
EndProject
Global
	GlobalSection(SolutionConfigurationPlatforms) = preSolution
		Debug|Any CPU = Debug|Any CPU
		Release|Any CPU = Release|Any CPU
	EndGlobalSection
	GlobalSection(ProjectConfigurationPlatforms) = postSolution
		{2D64326B-13D3-4B86-AF37-A696F4FDBD2A}.Debug|Any CPU.ActiveCfg = Debug|Any CPU
		{2D64326B-13D3-4B86-AF37-A696F4FDBD2A}.Debug|Any CPU.Build.0 = Debug|Any CPU
		{2D64326B-13D3-4B86-AF37-A696F4FDBD2A}.Release|Any CPU.ActiveCfg = Release|Any CPU
		{2D64326B-13D3-4B86-AF37-A696F4FDBD2A}.Release|Any CPU.Build.0 = Release|Any CPU
		{4D97D631-3EA9-4B02-9FB0-2AFE0139C64B}.Debug|Any CPU.ActiveCfg = Debug|Any CPU
		{4D97D631-3EA9-4B02-9FB0-2AFE0139C64B}.Debug|Any CPU.Build.0 = Debug|Any CPU
		{4D97D631-3EA9-4B02-9FB0-2AFE0139C64B}.Release|Any CPU.ActiveCfg = Release|Any CPU
		{4D97D631-3EA9-4B02-9FB0-2AFE0139C64B}.Release|Any CPU.Build.0 = Release|Any CPU
		{D393512D-6CD4-45FD-A427-7A6A0B922D22}.Debug|Any CPU.ActiveCfg = Debug|Any CPU
		{D393512D-6CD4-45FD-A427-7A6A0B922D22}.Debug|Any CPU.Build.0 = Debug|Any CPU
		{D393512D-6CD4-45FD-A427-7A6A0B922D22}.Release|Any CPU.ActiveCfg = Release|Any CPU
		{D393512D-6CD4-45FD-A427-7A6A0B922D22}.Release|Any CPU.Build.0 = Release|Any CPU
	EndGlobalSection
	GlobalSection(SolutionProperties) = preSolution
		HideSolutionNode = FALSE
	EndGlobalSection
	GlobalSection(ExtensibilityGlobals) = postSolution
		SolutionGuid = {B507EB96-934D-4DCE-98C7-B92E9FD10510}
	EndGlobalSection
EndGlobal
